
Microsoft Visual Studio Solution File, Format Version 12.00
# Visual Studio Version 17
VisualStudioVersion = 17.0.32112.339
MinimumVisualStudioVersion = 10.0.40219.1
Project("{F184B08F-C81C-45F6-A57F-5ABD9991F28F}") = "201900438_HOSPITAL", "201900438_HOSPITAL.vbproj", "{7C459FA6-0820-475D-8F51-010AD734B382}"
EndProject
Global
	GlobalSection(SolutionConfigurationPlatforms) = preSolution
		Debug|Any CPU = Debug|Any CPU
		Release|Any CPU = Release|Any CPU
	EndGlobalSection
	GlobalSection(ProjectConfigurationPlatforms) = postSolution
		{7C459FA6-0820-475D-8F51-010AD734B382}.Debug|Any CPU.ActiveCfg = Debug|Any CPU
		{7C459FA6-0820-475D-8F51-010AD734B382}.Debug|Any CPU.Build.0 = Debug|Any CPU
		{7C459FA6-0820-475D-8F51-010AD734B382}.Release|Any CPU.ActiveCfg = Release|Any CPU
		{7C459FA6-0820-475D-8F51-010AD734B382}.Release|Any CPU.Build.0 = Release|Any CPU
	EndGlobalSection
	GlobalSection(SolutionProperties) = preSolution
		HideSolutionNode = FALSE
	EndGlobalSection
	GlobalSection(ExtensibilityGlobals) = postSolution
		SolutionGuid = {C83FF4CE-72A8-4C7E-94BC-D020D99868E2}
	EndGlobalSection
EndGlobal
