
Microsoft Visual Studio Solution File, Format Version 12.00
# Visual Studio Version 17
VisualStudioVersion = 17.0.32112.339
MinimumVisualStudioVersion = 10.0.40219.1
Project("{F184B08F-C81C-45F6-A57F-5ABD9991F28F}") = "201900438_IDIOMAS", "201900438_IDIOMAS.vbproj", "{EF499293-6395-4AD6-A00B-DC50D067E985}"
EndProject
Global
	GlobalSection(SolutionConfigurationPlatforms) = preSolution
		Debug|Any CPU = Debug|Any CPU
		Release|Any CPU = Release|Any CPU
	EndGlobalSection
	GlobalSection(ProjectConfigurationPlatforms) = postSolution
		{EF499293-6395-4AD6-A00B-DC50D067E985}.Debug|Any CPU.ActiveCfg = Debug|Any CPU
		{EF499293-6395-4AD6-A00B-DC50D067E985}.Debug|Any CPU.Build.0 = Debug|Any CPU
		{EF499293-6395-4AD6-A00B-DC50D067E985}.Release|Any CPU.ActiveCfg = Release|Any CPU
		{EF499293-6395-4AD6-A00B-DC50D067E985}.Release|Any CPU.Build.0 = Release|Any CPU
	EndGlobalSection
	GlobalSection(SolutionProperties) = preSolution
		HideSolutionNode = FALSE
	EndGlobalSection
	GlobalSection(ExtensibilityGlobals) = postSolution
		SolutionGuid = {8E83731B-A1D6-4631-8142-665DE0CBAD66}
	EndGlobalSection
EndGlobal
